
Microsoft Visual Studio Solution File, Format Version 12.00
# Visual Studio Version 17
VisualStudioVersion = 17.5.002.0
MinimumVisualStudioVersion = 10.0.40219.1
Project("{9A19103F-16F7-4668-BE54-9A1E7A4F7556}") = "pfms", "pfms.csproj", "{7294F2F2-E800-46CD-8774-6EBC12392EB4}"
EndProject
Global
	GlobalSection(SolutionConfigurationPlatforms) = preSolution
		Debug|Any CPU = Debug|Any CPU
		Release|Any CPU = Release|Any CPU
	EndGlobalSection
	GlobalSection(ProjectConfigurationPlatforms) = postSolution
		{7294F2F2-E800-46CD-8774-6EBC12392EB4}.Debug|Any CPU.ActiveCfg = Debug|Any CPU
		{7294F2F2-E800-46CD-8774-6EBC12392EB4}.Debug|Any CPU.Build.0 = Debug|Any CPU
		{7294F2F2-E800-46CD-8774-6EBC12392EB4}.Release|Any CPU.ActiveCfg = Release|Any CPU
		{7294F2F2-E800-46CD-8774-6EBC12392EB4}.Release|Any CPU.Build.0 = Release|Any CPU
	EndGlobalSection
	GlobalSection(SolutionProperties) = preSolution
		HideSolutionNode = FALSE
	EndGlobalSection
	GlobalSection(ExtensibilityGlobals) = postSolution
		SolutionGuid = {B690BE58-911F-406F-BF9B-92EE953A74BB}
	EndGlobalSection
EndGlobal
